# @generated - this file is auto-generated by `mise lock` https://mise.jdx.dev/dev-tools/mise-lock.html

lockfile_version = 1

[[tools.node]]
version = "26.8.1"
backend = "core:node"
specifiers = ["26.8.1"]

[tools.node."platforms.linux-arm64"]
checksum = "sha256:d5f973ce975e4bd03e6c2038260f7e9201615aa8e1ee293c72f8dcc2a6d9fddb"
url = "https://nodejs.org/dist/v26.8.1/node-v26.8.1-linux-arm64.tar.gz"

[tools.node."platforms.macos-arm64"]
checksum = "sha256:6e577fd0d9db776db82306629e441a9dace416702622aebdd171c9dfaa41f4d2"
url = "https://nodejs.org/dist/v26.8.1/node-v26.8.1-darwin-arm64.tar.gz"

[[tools.python]]
version = "3.14.7"
backend = "core:python"
specifiers = ["3.14.7"]

[tools.python."platforms.linux-arm64"]
checksum = "sha256:8a0798baa8a2c27b5751d590aced543eaa85e20b3f73d93c1af049688acdc9c5"
url = "https://github.com/astral-sh/python-build-standalone/releases/download/20260901/cpython-3.14.7+20260901-aarch64-unknown-linux-gnu-install_only_stripped.tar.gz"
provenance = "github-attestations"

[tools.python."platforms.macos-arm64"]
checksum = "sha256:4632cb1a6edad9e73d3c81b6d2e69131637d995173e3e85005df14102b0592ba"
url = "https://github.com/astral-sh/python-build-standalone/releases/download/20260901/cpython-3.14.7+20260901-aarch64-apple-darwin-install_only_stripped.tar.gz"
provenance = "github-attestations"

[[tools.swift]]
version = "6.3.3"
backend = "core:swift"
specifiers = ["6.3.3"]

[tools.swift."platforms.macos-arm64"]
url = "https://download.swift.org/swift-6.3.3-release/xcode/swift-6.3.3-RELEASE/swift-6.3.3-RELEASE-osx.pkg"

[[tools.swift]]
version = "6.3.3"
backend = "core:swift"
specifiers = ["6.3.3"]

[tools.swift.options]
swift_platform = "ubuntu24.04"

[tools.swift."platforms.linux-arm64"]
url = "https://download.swift.org/swift-6.3.3-release/ubuntu2404-aarch64/swift-6.3.3-RELEASE/swift-6.3.3-RELEASE-ubuntu24.04-aarch64.tar.gz"
